
Microsoft Visual Studio Solution File, Format Version 12.00
# Visual Studio Version 16
VisualStudioVersion = 16.0.34114.132
MinimumVisualStudioVersion = 10.0.40219.1
Project("{8BC9CEB8-8B4A-11D0-8D11-00A0C91BC942}") = "SimInT", "SimInT.vcxproj", "{E9BB7238-DDCA-49F5-AA77-D9CF07C48383}"
EndProject
Global
	GlobalSection(SolutionConfigurationPlatforms) = preSolution
		Debug|Gaming.Desktop.x64 = Debug|Gaming.Desktop.x64
		Profile|Gaming.Desktop.x64 = Profile|Gaming.Desktop.x64
		Release|Gaming.Desktop.x64 = Release|Gaming.Desktop.x64
	EndGlobalSection
	GlobalSection(ProjectConfigurationPlatforms) = postSolution
		{E9BB7238-DDCA-49F5-AA77-D9CF07C48383}.Debug|Gaming.Desktop.x64.ActiveCfg = Debug|Gaming.Desktop.x64
		{E9BB7238-DDCA-49F5-AA77-D9CF07C48383}.Debug|Gaming.Desktop.x64.Build.0 = Debug|Gaming.Desktop.x64
		{E9BB7238-DDCA-49F5-AA77-D9CF07C48383}.Profile|Gaming.Desktop.x64.ActiveCfg = Profile|Gaming.Desktop.x64
		{E9BB7238-DDCA-49F5-AA77-D9CF07C48383}.Profile|Gaming.Desktop.x64.Build.0 = Profile|Gaming.Desktop.x64
		{E9BB7238-DDCA-49F5-AA77-D9CF07C48383}.Release|Gaming.Desktop.x64.ActiveCfg = Release|Gaming.Desktop.x64
		{E9BB7238-DDCA-49F5-AA77-D9CF07C48383}.Release|Gaming.Desktop.x64.Build.0 = Release|Gaming.Desktop.x64
	EndGlobalSection
	GlobalSection(SolutionProperties) = preSolution
		HideSolutionNode = FALSE
	EndGlobalSection
	GlobalSection(ExtensibilityGlobals) = postSolution
		SolutionGuid = {81EC957E-29CF-489E-8548-E3FAB4BA8705}
	EndGlobalSection
EndGlobal
